
Microsoft Visual Studio Solution File, Format Version 12.00
# Visual Studio 15
VisualStudioVersion = 15.0.33403.129
MinimumVisualStudioVersion = 10.0.40219.1
Project("{2150E333-8FDC-42A3-9474-1A3956D46DE8}") = "API", "API", "{49D6453C-0C08-4F95-ACDE-454583803686}"
EndProject
Project("{FAE04EC0-301F-11D3-BF4B-00C04F79EFBC}") = "WebApi", "WebApi\WebApi.csproj", "{31CF976B-7E9E-4625-AA42-661897C59046}"
EndProject
Global
	GlobalSection(SolutionConfigurationPlatforms) = preSolution
		Debug|Any CPU = Debug|Any CPU
		Release|Any CPU = Release|Any CPU
	EndGlobalSection
	GlobalSection(ProjectConfigurationPlatforms) = postSolution
		{31CF976B-7E9E-4625-AA42-661897C59046}.Debug|Any CPU.ActiveCfg = Debug|Any CPU
		{31CF976B-7E9E-4625-AA42-661897C59046}.Debug|Any CPU.Build.0 = Debug|Any CPU
		{31CF976B-7E9E-4625-AA42-661897C59046}.Release|Any CPU.ActiveCfg = Release|Any CPU
		{31CF976B-7E9E-4625-AA42-661897C59046}.Release|Any CPU.Build.0 = Release|Any CPU
	EndGlobalSection
	GlobalSection(SolutionProperties) = preSolution
		HideSolutionNode = FALSE
	EndGlobalSection
	GlobalSection(NestedProjects) = preSolution
		{31CF976B-7E9E-4625-AA42-661897C59046} = {49D6453C-0C08-4F95-ACDE-454583803686}
	EndGlobalSection
	GlobalSection(ExtensibilityGlobals) = postSolution
		SolutionGuid = {61C498D6-79F1-46EC-8864-AE2753E739D5}
	EndGlobalSection
EndGlobal
